// !$*UTF8*$!
{
	archiveVersion = 1;
	classes = {
	};
	objectVersion = 56;
	objects = {

/* Begin PBXBuildFile section */
		784B38352A1B94720036F908 /* AppDelegate.swift in Sources */ = {isa = PBXBuildFile; fileRef = 784B38342A1B94720036F908 /* AppDelegate.swift */; };
		784B38372A1B94720036F908 /* SceneDelegate.swift in Sources */ = {isa = PBXBuildFile; fileRef = 784B38362A1B94720036F908 /* SceneDelegate.swift */; };
		784B38392A1B94720036F908 /* CreateUserViewController.swift in Sources */ = {isa = PBXBuildFile; fileRef = 784B38382A1B94720036F908 /* CreateUserViewController.swift */; };
		784B383C2A1B94720036F908 /* Main.storyboard in Resources */ = {isa = PBXBuildFile; fileRef = 784B383A2A1B94720036F908 /* Main.storyboard */; };
		784B383E2A1B94720036F908 /* Assets.xcassets in Resources */ = {isa = PBXBuildFile; fileRef = 784B383D2A1B94720036F908 /* Assets.xcassets */; };
		784B38412A1B94720036F908 /* LaunchScreen.storyboard in Resources */ = {isa = PBXBuildFile; fileRef = 784B383F2A1B94720036F908 /* LaunchScreen.storyboard */; };
		78DA96C52A1DBF2500D3FD30 /* EntranceViewController.swift in Sources */ = {isa = PBXBuildFile; fileRef = 78DA96C42A1DBF2500D3FD30 /* EntranceViewController.swift */; };
		78DA96C72A1DC3AF00D3FD30 /* SignInViewController.swift in Sources */ = {isa = PBXBuildFile; fileRef = 78DA96C62A1DC3AF00D3FD30 /* SignInViewController.swift */; };
		78DA96CA2A1F414000D3FD30 /* AccountManager.swift in Sources */ = {isa = PBXBuildFile; fileRef = 78DA96C92A1F414000D3FD30 /* AccountManager.swift */; };
		78DA96D02A1F4E4E00D3FD30 /* SignInWithAppleIDButton.swift in Sources */ = {isa = PBXBuildFile; fileRef = 78DA96CF2A1F4E4E00D3FD30 /* SignInWithAppleIDButton.swift */; };
		78DA96D32A1F629600D3FD30 /* GoogleService-Info.plist in Resources */ = {isa = PBXBuildFile; fileRef = 78DA96D22A1F629600D3FD30 /* GoogleService-Info.plist */; };
		78DA96D52A20811A00D3FD30 /* ListViewController.swift in Sources */ = {isa = PBXBuildFile; fileRef = 78DA96D42A20811A00D3FD30 /* ListViewController.swift */; };
		78DA96D72A20845D00D3FD30 /* ItemModel.swift in Sources */ = {isa = PBXBuildFile; fileRef = 78DA96D62A20845D00D3FD30 /* ItemModel.swift */; };
		78DA96DC2A209AC700D3FD30 /* AddItemViewController.swift in Sources */ = {isa = PBXBuildFile; fileRef = 78DA96DB2A209AC700D3FD30 /* AddItemViewController.swift */; };
		78DA96DF2A20AAC700D3FD30 /* CustomTableViewCell.swift in Sources */ = {isa = PBXBuildFile; fileRef = 78DA96DD2A20AAC700D3FD30 /* CustomTableViewCell.swift */; };
		78DA96E02A20AAC700D3FD30 /* CustomTableViewCell.xib in Resources */ = {isa = PBXBuildFile; fileRef = 78DA96DE2A20AAC700D3FD30 /* CustomTableViewCell.xib */; };
		FE971347534F61DA66128586 /* Pods_PracticeFirebase.framework in Frameworks */ = {isa = PBXBuildFile; fileRef = 2D5E03EB7CE530CF74E267FA /* Pods_PracticeFirebase.framework */; };
/* End PBXBuildFile section */

/* Begin PBXFileReference section */
		2D5E03EB7CE530CF74E267FA /* Pods_PracticeFirebase.framework */ = {isa = PBXFileReference; explicitFileType = wrapper.framework; includeInIndex = 0; path = Pods_PracticeFirebase.framework; sourceTree = BUILT_PRODUCTS_DIR; };
		360D00C7C5EB36B51C665C3F /* Pods-PracticeFirebase.debug.xcconfig */ = {isa = PBXFileReference; includeInIndex = 1; lastKnownFileType = text.xcconfig; name = "Pods-PracticeFirebase.debug.xcconfig"; path = "Target Support Files/Pods-PracticeFirebase/Pods-PracticeFirebase.debug.xcconfig"; sourceTree = "<group>"; };
		784B38312A1B94720036F908 /* PracticeFirebase.app */ = {isa = PBXFileReference; explicitFileType = wrapper.application; includeInIndex = 0; path = PracticeFirebase.app; sourceTree = BUILT_PRODUCTS_DIR; };
		784B38342A1B94720036F908 /* AppDelegate.swift */ = {isa = PBXFileReference; lastKnownFileType = sourcecode.swift; path = AppDelegate.swift; sourceTree = "<group>"; };
		784B38362A1B94720036F908 /* SceneDelegate.swift */ = {isa = PBXFileReference; lastKnownFileType = sourcecode.swift; path = SceneDelegate.swift; sourceTree = "<group>"; };
		784B38382A1B94720036F908 /* CreateUserViewController.swift */ = {isa = PBXFileReference; lastKnownFileType = sourcecode.swift; path = CreateUserViewController.swift; sourceTree = "<group>"; };
		784B383B2A1B94720036F908 /* Base */ = {isa = PBXFileReference; lastKnownFileType = file.storyboard; name = Base; path = Base.lproj/Main.storyboard; sourceTree = "<group>"; };
		784B383D2A1B94720036F908 /* Assets.xcassets */ = {isa = PBXFileReference; lastKnownFileType = folder.assetcatalog; path = Assets.xcassets; sourceTree = "<group>"; };
		784B38402A1B94720036F908 /* Base */ = {isa = PBXFileReference; lastKnownFileType = file.storyboard; name = Base; path = Base.lproj/LaunchScreen.storyboard; sourceTree = "<group>"; };
		784B38422A1B94720036F908 /* Info.plist */ = {isa = PBXFileReference; lastKnownFileType = text.plist.xml; path = Info.plist; sourceTree = "<group>"; };
		78DA96C42A1DBF2500D3FD30 /* EntranceViewController.swift */ = {isa = PBXFileReference; lastKnownFileType = sourcecode.swift; path = EntranceViewController.swift; sourceTree = "<group>"; };
		78DA96C62A1DC3AF00D3FD30 /* SignInViewController.swift */ = {isa = PBXFileReference; lastKnownFileType = sourcecode.swift; path = SignInViewController.swift; sourceTree = "<group>"; };
		78DA96C82A1F30D000D3FD30 /* PracticeFirebase.entitlements */ = {isa = PBXFileReference; lastKnownFileType = text.plist.entitlements; path = PracticeFirebase.entitlements; sourceTree = "<group>"; };
		78DA96C92A1F414000D3FD30 /* AccountManager.swift */ = {isa = PBXFileReference; lastKnownFileType = sourcecode.swift; path = AccountManager.swift; sourceTree = "<group>"; };
		78DA96CF2A1F4E4E00D3FD30 /* SignInWithAppleIDButton.swift */ = {isa = PBXFileReference; lastKnownFileType = sourcecode.swift; path = SignInWithAppleIDButton.swift; sourceTree = "<group>"; };
		78DA96D12A1F611800D3FD30 /* PracticeFirebaseDebug.entitlements */ = {isa = PBXFileReference; lastKnownFileType = text.plist.entitlements; path = PracticeFirebaseDebug.entitlements; sourceTree = "<group>"; };
		78DA96D22A1F629600D3FD30 /* GoogleService-Info.plist */ = {isa = PBXFileReference; fileEncoding = 4; lastKnownFileType = text.plist.xml; path = "GoogleService-Info.plist"; sourceTree = "<group>"; };
		78DA96D42A20811A00D3FD30 /* ListViewController.swift */ = {isa = PBXFileReference; lastKnownFileType = sourcecode.swift; path = ListViewController.swift; sourceTree = "<group>"; };
		78DA96D62A20845D00D3FD30 /* ItemModel.swift */ = {isa = PBXFileReference; lastKnownFileType = sourcecode.swift; path = ItemModel.swift; sourceTree = "<group>"; };
		78DA96DB2A209AC700D3FD30 /* AddItemViewController.swift */ = {isa = PBXFileReference; lastKnownFileType = sourcecode.swift; path = AddItemViewController.swift; sourceTree = "<group>"; };
		78DA96DD2A20AAC700D3FD30 /* CustomTableViewCell.swift */ = {isa = PBXFileReference; lastKnownFileType = sourcecode.swift; path = CustomTableViewCell.swift; sourceTree = "<group>"; };
		78DA96DE2A20AAC700D3FD30 /* CustomTableViewCell.xib */ = {isa = PBXFileReference; lastKnownFileType = file.xib; path = CustomTableViewCell.xib; sourceTree = "<group>"; };
		B20B116D27A3E0328BD95523 /* Pods-PracticeFirebase.release.xcconfig */ = {isa = PBXFileReference; includeInIndex = 1; lastKnownFileType = text.xcconfig; name = "Pods-PracticeFirebase.release.xcconfig"; path = "Target Support Files/Pods-PracticeFirebase/Pods-PracticeFirebase.release.xcconfig"; sourceTree = "<group>"; };
/* End PBXFileReference section */

/* Begin PBXFrameworksBuildPhase section */
		784B382E2A1B94720036F908 /* Frameworks */ = {
			isa = PBXFrameworksBuildPhase;
			buildActionMask = 2147483647;
			files = (
				FE971347534F61DA66128586 /* Pods_PracticeFirebase.framework in Frameworks */,
			);
			runOnlyForDeploymentPostprocessing = 0;
		};
/* End PBXFrameworksBuildPhase section */

/* Begin PBXGroup section */
		784B38282A1B94720036F908 = {
			isa = PBXGroup;
			children = (
				784B38332A1B94720036F908 /* PracticeFirebase */,
				784B38322A1B94720036F908 /* Products */,
				AF6C156EAD87199E4C4BFB71 /* Pods */,
				F94378691374EC57676C843A /* Frameworks */,
			);
			sourceTree = "<group>";
		};
		784B38322A1B94720036F908 /* Products */ = {
			isa = PBXGroup;
			children = (
				784B38312A1B94720036F908 /* PracticeFirebase.app */,
			);
			name = Products;
			sourceTree = "<group>";
		};
		784B38332A1B94720036F908 /* PracticeFirebase */ = {
			isa = PBXGroup;
			children = (
				78DA96D12A1F611800D3FD30 /* PracticeFirebaseDebug.entitlements */,
				78DA96C82A1F30D000D3FD30 /* PracticeFirebase.entitlements */,
				78DA96D92A20859B00D3FD30 /* Delegate */,
				78DA96D82A20856800D3FD30 /* AccountView */,
				78DA96C92A1F414000D3FD30 /* AccountManager.swift */,
				78DA96D42A20811A00D3FD30 /* ListViewController.swift */,
				78DA96D62A20845D00D3FD30 /* ItemModel.swift */,
				784B383A2A1B94720036F908 /* Main.storyboard */,
				78DA96DB2A209AC700D3FD30 /* AddItemViewController.swift */,
				78DA96DD2A20AAC700D3FD30 /* CustomTableViewCell.swift */,
				78DA96DE2A20AAC700D3FD30 /* CustomTableViewCell.xib */,
				784B383F2A1B94720036F908 /* LaunchScreen.storyboard */,
				784B38422A1B94720036F908 /* Info.plist */,
				78DA96D22A1F629600D3FD30 /* GoogleService-Info.plist */,
				78DA96DA2A2085CF00D3FD30 /* others */,
			);
			path = PracticeFirebase;
			sourceTree = "<group>";
		};
		78DA96D82A20856800D3FD30 /* AccountView */ = {
			isa = PBXGroup;
			children = (
				78DA96CF2A1F4E4E00D3FD30 /* SignInWithAppleIDButton.swift */,
				78DA96C42A1DBF2500D3FD30 /* EntranceViewController.swift */,
				784B38382A1B94720036F908 /* CreateUserViewController.swift */,
				78DA96C62A1DC3AF00D3FD30 /* SignInViewController.swift */,
			);
			path = AccountView;
			sourceTree = "<group>";
		};
		78DA96D92A20859B00D3FD30 /* Delegate */ = {
			isa = PBXGroup;
			children = (
				784B38342A1B94720036F908 /* AppDelegate.swift */,
				784B38362A1B94720036F908 /* SceneDelegate.swift */,
			);
			path = Delegate;
			sourceTree = "<group>";
		};
		78DA96DA2A2085CF00D3FD30 /* others */ = {
			isa = PBXGroup;
			children = (
				784B383D2A1B94720036F908 /* Assets.xcassets */,
			);
			path = others;
			sourceTree = "<group>";
		};
		AF6C156EAD87199E4C4BFB71 /* Pods */ = {
			isa = PBXGroup;
			children = (
				360D00C7C5EB36B51C665C3F /* Pods-PracticeFirebase.debug.xcconfig */,
				B20B116D27A3E0328BD95523 /* Pods-PracticeFirebase.release.xcconfig */,
			);
			path = Pods;
			sourceTree = "<group>";
		};
		F94378691374EC57676C843A /* Frameworks */ = {
			isa = PBXGroup;
			children = (
				2D5E03EB7CE530CF74E267FA /* Pods_PracticeFirebase.framework */,
			);
			name = Frameworks;
			sourceTree = "<group>";
		};
/* End PBXGroup section */

/* Begin PBXNativeTarget section */
		784B38302A1B94720036F908 /* PracticeFirebase */ = {
			isa = PBXNativeTarget;
			buildConfigurationList = 784B38452A1B94720036F908 /* Build configuration list for PBXNativeTarget "PracticeFirebase" */;
			buildPhases = (
				C88ECE25E183F83B0686510F /* [CP] Check Pods Manifest.lock */,
				784B382D2A1B94720036F908 /* Sources */,
				784B382E2A1B94720036F908 /* Frameworks */,
				784B382F2A1B94720036F908 /* Resources */,
				FA6F1FEF3E93E486940A5C1D /* [CP] Embed Pods Frameworks */,
			);
			buildRules = (
			);
			dependencies = (
			);
			name = PracticeFirebase;
			productName = PracticeFirebase;
			productReference = 784B38312A1B94720036F908 /* PracticeFirebase.app */;
			productType = "com.apple.product-type.application";
		};
/* End PBXNativeTarget section */

/* Begin PBXProject section */
		784B38292A1B94720036F908 /* Project object */ = {
			isa = PBXProject;
			attributes = {
				BuildIndependentTargetsInParallel = 1;
				LastSwiftUpdateCheck = 1430;
				LastUpgradeCheck = 1430;
				TargetAttributes = {
					784B38302A1B94720036F908 = {
						CreatedOnToolsVersion = 14.3;
					};
				};
			};
			buildConfigurationList = 784B382C2A1B94720036F908 /* Build configuration list for PBXProject "PracticeFirebase" */;
			compatibilityVersion = "Xcode 14.0";
			developmentRegion = en;
			hasScannedForEncodings = 0;
			knownRegions = (
				en,
				Base,
			);
			mainGroup = 784B38282A1B94720036F908;
			productRefGroup = 784B38322A1B94720036F908 /* Products */;
			projectDirPath = "";
			projectRoot = "";
			targets = (
				784B38302A1B94720036F908 /* PracticeFirebase */,
			);
		};
/* End PBXProject section */

/* Begin PBXResourcesBuildPhase section */
		784B382F2A1B94720036F908 /* Resources */ = {
			isa = PBXResourcesBuildPhase;
			buildActionMask = 2147483647;
			files = (
				784B38412A1B94720036F908 /* LaunchScreen.storyboard in Resources */,
				78DA96D32A1F629600D3FD30 /* GoogleService-Info.plist in Resources */,
				784B383E2A1B94720036F908 /* Assets.xcassets in Resources */,
				78DA96E02A20AAC700D3FD30 /* CustomTableViewCell.xib in Resources */,
				784B383C2A1B94720036F908 /* Main.storyboard in Resources */,
			);
			runOnlyForDeploymentPostprocessing = 0;
		};
/* End PBXResourcesBuildPhase section */

/* Begin PBXShellScriptBuildPhase section */
		C88ECE25E183F83B0686510F /* [CP] Check Pods Manifest.lock */ = {
			isa = PBXShellScriptBuildPhase;
			buildActionMask = 2147483647;
			files = (
			);
			inputFileListPaths = (
			);
			inputPaths = (
				"${PODS_PODFILE_DIR_PATH}/Podfile.lock",
				"${PODS_ROOT}/Manifest.lock",
			);
			name = "[CP] Check Pods Manifest.lock";
			outputFileListPaths = (
			);
			outputPaths = (
				"$(DERIVED_FILE_DIR)/Pods-PracticeFirebase-checkManifestLockResult.txt",
			);
			runOnlyForDeploymentPostprocessing = 0;
			shellPath = /bin/sh;
			shellScript = "diff \"${PODS_PODFILE_DIR_PATH}/Podfile.lock\" \"${PODS_ROOT}/Manifest.lock\" > /dev/null\nif [ $? != 0 ] ; then\n    # print error to STDERR\n    echo \"error: The sandbox is not in sync with the Podfile.lock. Run 'pod install' or update your CocoaPods installation.\" >&2\n    exit 1\nfi\n# This output is used by Xcode 'outputs' to avoid re-running this script phase.\necho \"SUCCESS\" > \"${SCRIPT_OUTPUT_FILE_0}\"\n";
			showEnvVarsInLog = 0;
		};
		FA6F1FEF3E93E486940A5C1D /* [CP] Embed Pods Frameworks */ = {
			isa = PBXShellScriptBuildPhase;
			buildActionMask = 2147483647;
			files = (
			);
			inputFileListPaths = (
				"${PODS_ROOT}/Target Support Files/Pods-PracticeFirebase/Pods-PracticeFirebase-frameworks-${CONFIGURATION}-input-files.xcfilelist",
			);
			name = "[CP] Embed Pods Frameworks";
			outputFileListPaths = (
				"${PODS_ROOT}/Target Support Files/Pods-PracticeFirebase/Pods-PracticeFirebase-frameworks-${CONFIGURATION}-output-files.xcfilelist",
			);
			runOnlyForDeploymentPostprocessing = 0;
			shellPath = /bin/sh;
			shellScript = "\"${PODS_ROOT}/Target Support Files/Pods-PracticeFirebase/Pods-PracticeFirebase-frameworks.sh\"\n";
			showEnvVarsInLog = 0;
		};
/* End PBXShellScriptBuildPhase section */

/* Begin PBXSourcesBuildPhase section */
		784B382D2A1B94720036F908 /* Sources */ = {
			isa = PBXSourcesBuildPhase;
			buildActionMask = 2147483647;
			files = (
				78DA96D02A1F4E4E00D3FD30 /* SignInWithAppleIDButton.swift in Sources */,
				78DA96C52A1DBF2500D3FD30 /* EntranceViewController.swift in Sources */,
				78DA96DF2A20AAC700D3FD30 /* CustomTableViewCell.swift in Sources */,
				784B38392A1B94720036F908 /* CreateUserViewController.swift in Sources */,
				78DA96D72A20845D00D3FD30 /* ItemModel.swift in Sources */,
				784B38352A1B94720036F908 /* AppDelegate.swift in Sources */,
				78DA96DC2A209AC700D3FD30 /* AddItemViewController.swift in Sources */,
				78DA96C72A1DC3AF00D3FD30 /* SignInViewController.swift in Sources */,
				784B38372A1B94720036F908 /* SceneDelegate.swift in Sources */,
				78DA96D52A20811A00D3FD30 /* ListViewController.swift in Sources */,
				78DA96CA2A1F414000D3FD30 /* AccountManager.swift in Sources */,
			);
			runOnlyForDeploymentPostprocessing = 0;
		};
/* End PBXSourcesBuildPhase section */

/* Begin PBXVariantGroup section */
		784B383A2A1B94720036F908 /* Main.storyboard */ = {
			isa = PBXVariantGroup;
			children = (
				784B383B2A1B94720036F908 /* Base */,
			);
			name = Main.storyboard;
			sourceTree = "<group>";
		};
		784B383F2A1B94720036F908 /* LaunchScreen.storyboard */ = {
			isa = PBXVariantGroup;
			children = (
				784B38402A1B94720036F908 /* Base */,
			);
			name = LaunchScreen.storyboard;
			sourceTree = "<group>";
		};
/* End PBXVariantGroup section */

/* Begin XCBuildConfiguration section */
		784B38432A1B94720036F908 /* Debug */ = {
			isa = XCBuildConfiguration;
			buildSettings = {
				ALWAYS_SEARCH_USER_PATHS = NO;
				CLANG_ANALYZER_NONNULL = YES;
				CLANG_ANALYZER_NUMBER_OBJECT_CONVERSION = YES_AGGRESSIVE;
				CLANG_CXX_LANGUAGE_STANDARD = "gnu++20";
				CLANG_ENABLE_MODULES = YES;
				CLANG_ENABLE_OBJC_ARC = YES;
				CLANG_ENABLE_OBJC_WEAK = YES;
				CLANG_WARN_BLOCK_CAPTURE_AUTORELEASING = YES;
				CLANG_WARN_BOOL_CONVERSION = YES;
				CLANG_WARN_COMMA = YES;
				CLANG_WARN_CONSTANT_CONVERSION = YES;
				CLANG_WARN_DEPRECATED_OBJC_IMPLEMENTATIONS = YES;
				CLANG_WARN_DIRECT_OBJC_ISA_USAGE = YES_ERROR;
				CLANG_WARN_DOCUMENTATION_COMMENTS = YES;
				CLANG_WARN_EMPTY_BODY = YES;
				CLANG_WARN_ENUM_CONVERSION = YES;
				CLANG_WARN_INFINITE_RECURSION = YES;
				CLANG_WARN_INT_CONVERSION = YES;
				CLANG_WARN_NON_LITERAL_NULL_CONVERSION = YES;
				CLANG_WARN_OBJC_IMPLICIT_RETAIN_SELF = YES;
				CLANG_WARN_OBJC_LITERAL_CONVERSION = YES;
				CLANG_WARN_OBJC_ROOT_CLASS = YES_ERROR;
				CLANG_WARN_QUOTED_INCLUDE_IN_FRAMEWORK_HEADER = YES;
				CLANG_WARN_RANGE_LOOP_ANALYSIS = YES;
				CLANG_WARN_STRICT_PROTOTYPES = YES;
				CLANG_WARN_SUSPICIOUS_MOVE = YES;
				CLANG_WARN_UNGUARDED_AVAILABILITY = YES_AGGRESSIVE;
				CLANG_WARN_UNREACHABLE_CODE = YES;
				CLANG_WARN__DUPLICATE_METHOD_MATCH = YES;
				COPY_PHASE_STRIP = NO;
				DEBUG_INFORMATION_FORMAT = dwarf;
				ENABLE_STRICT_OBJC_MSGSEND = YES;
				ENABLE_TESTABILITY = YES;
				GCC_C_LANGUAGE_STANDARD = gnu11;
				GCC_DYNAMIC_NO_PIC = NO;
				GCC_NO_COMMON_BLOCKS = YES;
				GCC_OPTIMIZATION_LEVEL = 0;
				GCC_PREPROCESSOR_DEFINITIONS = (
					"DEBUG=1",
					"$(inherited)",
				);
				GCC_WARN_64_TO_32_BIT_CONVERSION = YES;
				GCC_WARN_ABOUT_RETURN_TYPE = YES_ERROR;
				GCC_WARN_UNDECLARED_SELECTOR = YES;
				GCC_WARN_UNINITIALIZED_AUTOS = YES_AGGRESSIVE;
				GCC_WARN_UNUSED_FUNCTION = YES;
				GCC_WARN_UNUSED_VARIABLE = YES;
				IPHONEOS_DEPLOYMENT_TARGET = 16.4;
				MTL_ENABLE_DEBUG_INFO = INCLUDE_SOURCE;
				MTL_FAST_MATH = YES;
				ONLY_ACTIVE_ARCH = YES;
				SDKROOT = iphoneos;
				SWIFT_ACTIVE_COMPILATION_CONDITIONS = DEBUG;
				SWIFT_OPTIMIZATION_LEVEL = "-Onone";
			};
			name = Debug;
		};
		784B38442A1B94720036F908 /* Release */ = {
			isa = XCBuildConfiguration;
			buildSettings = {
				ALWAYS_SEARCH_USER_PATHS = NO;
				CLANG_ANALYZER_NONNULL = YES;
				CLANG_ANALYZER_NUMBER_OBJECT_CONVERSION = YES_AGGRESSIVE;
				CLANG_CXX_LANGUAGE_STANDARD = "gnu++20";
				CLANG_ENABLE_MODULES = YES;
				CLANG_ENABLE_OBJC_ARC = YES;
				CLANG_ENABLE_OBJC_WEAK = YES;
				CLANG_WARN_BLOCK_CAPTURE_AUTORELEASING = YES;
				CLANG_WARN_BOOL_CONVERSION = YES;
				CLANG_WARN_COMMA = YES;
				CLANG_WARN_CONSTANT_CONVERSION = YES;
				CLANG_WARN_DEPRECATED_OBJC_IMPLEMENTATIONS = YES;
				CLANG_WARN_DIRECT_OBJC_ISA_USAGE = YES_ERROR;
				CLANG_WARN_DOCUMENTATION_COMMENTS = YES;
				CLANG_WARN_EMPTY_BODY = YES;
				CLANG_WARN_ENUM_CONVERSION = YES;
				CLANG_WARN_INFINITE_RECURSION = YES;
				CLANG_WARN_INT_CONVERSION = YES;
				CLANG_WARN_NON_LITERAL_NULL_CONVERSION = YES;
				CLANG_WARN_OBJC_IMPLICIT_RETAIN_SELF = YES;
				CLANG_WARN_OBJC_LITERAL_CONVERSION = YES;
				CLANG_WARN_OBJC_ROOT_CLASS = YES_ERROR;
				CLANG_WARN_QUOTED_INCLUDE_IN_FRAMEWORK_HEADER = YES;
				CLANG_WARN_RANGE_LOOP_ANALYSIS = YES;
				CLANG_WARN_STRICT_PROTOTYPES = YES;
				CLANG_WARN_SUSPICIOUS_MOVE = YES;
				CLANG_WARN_UNGUARDED_AVAILABILITY = YES_AGGRESSIVE;
				CLANG_WARN_UNREACHABLE_CODE = YES;
				CLANG_WARN__DUPLICATE_METHOD_MATCH = YES;
				COPY_PHASE_STRIP = NO;
				DEBUG_INFORMATION_FORMAT = "dwarf-with-dsym";
				ENABLE_NS_ASSERTIONS = NO;
				ENABLE_STRICT_OBJC_MSGSEND = YES;
				GCC_C_LANGUAGE_STANDARD = gnu11;
				GCC_NO_COMMON_BLOCKS = YES;
				GCC_WARN_64_TO_32_BIT_CONVERSION = YES;
				GCC_WARN_ABOUT_RETURN_TYPE = YES_ERROR;
				GCC_WARN_UNDECLARED_SELECTOR = YES;
				GCC_WARN_UNINITIALIZED_AUTOS = YES_AGGRESSIVE;
				GCC_WARN_UNUSED_FUNCTION = YES;
				GCC_WARN_UNUSED_VARIABLE = YES;
				IPHONEOS_DEPLOYMENT_TARGET = 16.4;
				MTL_ENABLE_DEBUG_INFO = NO;
				MTL_FAST_MATH = YES;
				SDKROOT = iphoneos;
				SWIFT_COMPILATION_MODE = wholemodule;
				SWIFT_OPTIMIZATION_LEVEL = "-O";
				VALIDATE_PRODUCT = YES;
			};
			name = Release;
		};
		784B38462A1B94720036F908 /* Debug */ = {
			isa = XCBuildConfiguration;
			baseConfigurationReference = 360D00C7C5EB36B51C665C3F /* Pods-PracticeFirebase.debug.xcconfig */;
			buildSettings = {
				ASSETCATALOG_COMPILER_APPICON_NAME = AppIcon;
				ASSETCATALOG_COMPILER_GLOBAL_ACCENT_COLOR_NAME = AccentColor;
				CODE_SIGN_ENTITLEMENTS = PracticeFirebase/PracticeFirebaseDebug.entitlements;
				CODE_SIGN_STYLE = Automatic;
				CURRENT_PROJECT_VERSION = 1;
				DEVELOPMENT_TEAM = YQB9XDMF5W;
				GENERATE_INFOPLIST_FILE = YES;
				INFOPLIST_FILE = PracticeFirebase/Info.plist;
				INFOPLIST_KEY_UIApplicationSupportsIndirectInputEvents = YES;
				INFOPLIST_KEY_UILaunchStoryboardName = LaunchScreen;
				INFOPLIST_KEY_UIMainStoryboardFile = Main;
				INFOPLIST_KEY_UISupportedInterfaceOrientations = "UIInterfaceOrientationLandscapeLeft UIInterfaceOrientationLandscapeRight UIInterfaceOrientationPortrait";
				INFOPLIST_KEY_UISupportedInterfaceOrientations_iPad = "UIInterfaceOrientationLandscapeLeft UIInterfaceOrientationLandscapeRight UIInterfaceOrientationPortrait UIInterfaceOrientationPortraitUpsideDown";
				IPHONEOS_DEPLOYMENT_TARGET = 15.0;
				LD_RUNPATH_SEARCH_PATHS = (
					"$(inherited)",
					"@executable_path/Frameworks",
				);
				MARKETING_VERSION = 1.0;
				PRODUCT_BUNDLE_IDENTIFIER = ComMotoharuPracticeFirebase;
				PRODUCT_NAME = "$(TARGET_NAME)";
				SWIFT_EMIT_LOC_STRINGS = YES;
				SWIFT_VERSION = 5.0;
				TARGETED_DEVICE_FAMILY = "1,2";
			};
			name = Debug;
		};
		784B38472A1B94720036F908 /* Release */ = {
			isa = XCBuildConfiguration;
			baseConfigurationReference = B20B116D27A3E0328BD95523 /* Pods-PracticeFirebase.release.xcconfig */;
			buildSettings = {
				ASSETCATALOG_COMPILER_APPICON_NAME = AppIcon;
				ASSETCATALOG_COMPILER_GLOBAL_ACCENT_COLOR_NAME = AccentColor;
				CODE_SIGN_ENTITLEMENTS = PracticeFirebase/PracticeFirebase.entitlements;
				CODE_SIGN_STYLE = Automatic;
				CURRENT_PROJECT_VERSION = 1;
				DEVELOPMENT_TEAM = YQB9XDMF5W;
				GENERATE_INFOPLIST_FILE = YES;
				INFOPLIST_FILE = PracticeFirebase/Info.plist;
				INFOPLIST_KEY_UIApplicationSupportsIndirectInputEvents = YES;
				INFOPLIST_KEY_UILaunchStoryboardName = LaunchScreen;
				INFOPLIST_KEY_UIMainStoryboardFile = Main;
				INFOPLIST_KEY_UISupportedInterfaceOrientations = "UIInterfaceOrientationLandscapeLeft UIInterfaceOrientationLandscapeRight UIInterfaceOrientationPortrait";
				INFOPLIST_KEY_UISupportedInterfaceOrientations_iPad = "UIInterfaceOrientationLandscapeLeft UIInterfaceOrientationLandscapeRight UIInterfaceOrientationPortrait UIInterfaceOrientationPortraitUpsideDown";
				IPHONEOS_DEPLOYMENT_TARGET = 15.0;
				LD_RUNPATH_SEARCH_PATHS = (
					"$(inherited)",
					"@executable_path/Frameworks",
				);
				MARKETING_VERSION = 1.0;
				PRODUCT_BUNDLE_IDENTIFIER = ComMotoharuPracticeFirebase;
				PRODUCT_NAME = "$(TARGET_NAME)";
				SWIFT_EMIT_LOC_STRINGS = YES;
				SWIFT_VERSION = 5.0;
				TARGETED_DEVICE_FAMILY = "1,2";
			};
			name = Release;
		};
/* End XCBuildConfiguration section */

/* Begin XCConfigurationList section */
		784B382C2A1B94720036F908 /* Build configuration list for PBXProject "PracticeFirebase" */ = {
			isa = XCConfigurationList;
			buildConfigurations = (
				784B38432A1B94720036F908 /* Debug */,
				784B38442A1B94720036F908 /* Release */,
			);
			defaultConfigurationIsVisible = 0;
			defaultConfigurationName = Release;
		};
		784B38452A1B94720036F908 /* Build configuration list for PBXNativeTarget "PracticeFirebase" */ = {
			isa = XCConfigurationList;
			buildConfigurations = (
				784B38462A1B94720036F908 /* Debug */,
				784B38472A1B94720036F908 /* Release */,
			);
			defaultConfigurationIsVisible = 0;
			defaultConfigurationName = Release;
		};
/* End XCConfigurationList section */
	};
	rootObject = 784B38292A1B94720036F908 /* Project object */;
}
